// !$*UTF8*$!
{
	archiveVersion = 1;
	classes = {
	};
	objectVersion = 51;
	objects = {

/* Begin PBXBuildFile section */
		D9AE7EB126312A6B00F46103 /* geosparkexampleApp.swift in Sources */ = {isa = PBXBuildFile; fileRef = D9AE7EB026312A6B00F46103 /* geosparkexampleApp.swift */; };
		D9AE7EB326312A6B00F46103 /* ContentView.swift in Sources */ = {isa = PBXBuildFile; fileRef = D9AE7EB226312A6B00F46103 /* ContentView.swift */; };
		D9AE7EB526312A7100F46103 /* Assets.xcassets in Resources */ = {isa = PBXBuildFile; fileRef = D9AE7EB426312A7100F46103 /* Assets.xcassets */; };
		D9AE7EB826312A7100F46103 /* Preview Assets.xcassets in Resources */ = {isa = PBXBuildFile; fileRef = D9AE7EB726312A7100F46103 /* Preview Assets.xcassets */; };
		F63FBF80B5D096162F5C8501 /* Pods_geosparkexample.framework in Frameworks */ = {isa = PBXBuildFile; fileRef = A04566F2FBBF6D9A242568BA /* Pods_geosparkexample.framework */; };
/* End PBXBuildFile section */

/* Begin PBXFileReference section */
		26F65B6912A83401C5BF881E /* Pods-geosparkexample.debug.xcconfig */ = {isa = PBXFileReference; includeInIndex = 1; lastKnownFileType = text.xcconfig; name = "Pods-geosparkexample.debug.xcconfig"; path = "Target Support Files/Pods-geosparkexample/Pods-geosparkexample.debug.xcconfig"; sourceTree = "<group>"; };
		A04566F2FBBF6D9A242568BA /* Pods_geosparkexample.framework */ = {isa = PBXFileReference; explicitFileType = wrapper.framework; includeInIndex = 0; path = Pods_geosparkexample.framework; sourceTree = BUILT_PRODUCTS_DIR; };
		A70C5BDA1E2D0905E80B6118 /* Pods-geosparkexample.release.xcconfig */ = {isa = PBXFileReference; includeInIndex = 1; lastKnownFileType = text.xcconfig; name = "Pods-geosparkexample.release.xcconfig"; path = "Target Support Files/Pods-geosparkexample/Pods-geosparkexample.release.xcconfig"; sourceTree = "<group>"; };
		D9AE7EAD26312A6B00F46103 /* geosparkexample.app */ = {isa = PBXFileReference; explicitFileType = wrapper.application; includeInIndex = 0; path = geosparkexample.app; sourceTree = BUILT_PRODUCTS_DIR; };
		D9AE7EB026312A6B00F46103 /* geosparkexampleApp.swift */ = {isa = PBXFileReference; lastKnownFileType = sourcecode.swift; path = geosparkexampleApp.swift; sourceTree = "<group>"; };
		D9AE7EB226312A6B00F46103 /* ContentView.swift */ = {isa = PBXFileReference; lastKnownFileType = sourcecode.swift; path = ContentView.swift; sourceTree = "<group>"; };
		D9AE7EB426312A7100F46103 /* Assets.xcassets */ = {isa = PBXFileReference; lastKnownFileType = folder.assetcatalog; path = Assets.xcassets; sourceTree = "<group>"; };
		D9AE7EB726312A7100F46103 /* Preview Assets.xcassets */ = {isa = PBXFileReference; lastKnownFileType = folder.assetcatalog; path = "Preview Assets.xcassets"; sourceTree = "<group>"; };
		D9AE7EB926312A7100F46103 /* Info.plist */ = {isa = PBXFileReference; lastKnownFileType = text.plist.xml; path = Info.plist; sourceTree = "<group>"; };
/* End PBXFileReference section */

/* Begin PBXFrameworksBuildPhase section */
		D9AE7EAA26312A6B00F46103 /* Frameworks */ = {
			isa = PBXFrameworksBuildPhase;
			buildActionMask = 2147483647;
			files = (
				F63FBF80B5D096162F5C8501 /* Pods_geosparkexample.framework in Frameworks */,
			);
			runOnlyForDeploymentPostprocessing = 0;
		};
/* End PBXFrameworksBuildPhase section */

/* Begin PBXGroup section */
		178A682D2B8C8AB776B3AC17 /* Pods */ = {
			isa = PBXGroup;
			children = (
				26F65B6912A83401C5BF881E /* Pods-geosparkexample.debug.xcconfig */,
				A70C5BDA1E2D0905E80B6118 /* Pods-geosparkexample.release.xcconfig */,
			);
			path = Pods;
			sourceTree = "<group>";
		};
		9A63C4BFC803585E578CE4B0 /* Frameworks */ = {
			isa = PBXGroup;
			children = (
				A04566F2FBBF6D9A242568BA /* Pods_geosparkexample.framework */,
			);
			name = Frameworks;
			sourceTree = "<group>";
		};
		D9AE7EA426312A6B00F46103 = {
			isa = PBXGroup;
			children = (
				D9AE7EAF26312A6B00F46103 /* geosparkexample */,
				D9AE7EAE26312A6B00F46103 /* Products */,
				178A682D2B8C8AB776B3AC17 /* Pods */,
				9A63C4BFC803585E578CE4B0 /* Frameworks */,
			);
			sourceTree = "<group>";
		};
		D9AE7EAE26312A6B00F46103 /* Products */ = {
			isa = PBXGroup;
			children = (
				D9AE7EAD26312A6B00F46103 /* geosparkexample.app */,
			);
			name = Products;
			sourceTree = "<group>";
		};
		D9AE7EAF26312A6B00F46103 /* geosparkexample */ = {
			isa = PBXGroup;
			children = (
				D9AE7EB026312A6B00F46103 /* geosparkexampleApp.swift */,
				D9AE7EB226312A6B00F46103 /* ContentView.swift */,
				D9AE7EB426312A7100F46103 /* Assets.xcassets */,
				D9AE7EB926312A7100F46103 /* Info.plist */,
				D9AE7EB626312A7100F46103 /* Preview Content */,
			);
			path = geosparkexample;
			sourceTree = "<group>";
		};
		D9AE7EB626312A7100F46103 /* Preview Content */ = {
			isa = PBXGroup;
			children = (
				D9AE7EB726312A7100F46103 /* Preview Assets.xcassets */,
			);
			path = "Preview Content";
			sourceTree = "<group>";
		};
/* End PBXGroup section */

/* Begin PBXNativeTarget section */
		D9AE7EAC26312A6B00F46103 /* geosparkexample */ = {
			isa = PBXNativeTarget;
			buildConfigurationList = D9AE7EBC26312A7100F46103 /* Build configuration list for PBXNativeTarget "geosparkexample" */;
			buildPhases = (
				0C13667A60DD881A283C1D08 /* [CP] Check Pods Manifest.lock */,
				D9AE7EA926312A6B00F46103 /* Sources */,
				D9AE7EAA26312A6B00F46103 /* Frameworks */,
				D9AE7EAB26312A6B00F46103 /* Resources */,
				53EE8A2DBE171015E6CDD3BE /* [CP] Embed Pods Frameworks */,
			);
			buildRules = (
			);
			dependencies = (
			);
			name = geosparkexample;
			productName = geosparkexample;
			productReference = D9AE7EAD26312A6B00F46103 /* geosparkexample.app */;
			productType = "com.apple.product-type.application";
		};
/* End PBXNativeTarget section */

/* Begin PBXProject section */
		D9AE7EA526312A6B00F46103 /* Project object */ = {
			isa = PBXProject;
			attributes = {
				LastSwiftUpdateCheck = 1240;
				LastUpgradeCheck = 1240;
				TargetAttributes = {
					D9AE7EAC26312A6B00F46103 = {
						CreatedOnToolsVersion = 12.4;
					};
				};
			};
			buildConfigurationList = D9AE7EA826312A6B00F46103 /* Build configuration list for PBXProject "geosparkexample" */;
			compatibilityVersion = "Xcode 9.3";
			developmentRegion = en;
			hasScannedForEncodings = 0;
			knownRegions = (
				en,
				Base,
			);
			mainGroup = D9AE7EA426312A6B00F46103;
			productRefGroup = D9AE7EAE26312A6B00F46103 /* Products */;
			projectDirPath = "";
			projectRoot = "";
			targets = (
				D9AE7EAC26312A6B00F46103 /* geosparkexample */,
			);
		};
/* End PBXProject section */

/* Begin PBXResourcesBuildPhase section */
		D9AE7EAB26312A6B00F46103 /* Resources */ = {
			isa = PBXResourcesBuildPhase;
			buildActionMask = 2147483647;
			files = (
				D9AE7EB826312A7100F46103 /* Preview Assets.xcassets in Resources */,
				D9AE7EB526312A7100F46103 /* Assets.xcassets in Resources */,
			);
			runOnlyForDeploymentPostprocessing = 0;
		};
/* End PBXResourcesBuildPhase section */

/* Begin PBXShellScriptBuildPhase section */
		0C13667A60DD881A283C1D08 /* [CP] Check Pods Manifest.lock */ = {
			isa = PBXShellScriptBuildPhase;
			buildActionMask = 2147483647;
			files = (
			);
			inputFileListPaths = (
			);
			inputPaths = (
				"${PODS_PODFILE_DIR_PATH}/Podfile.lock",
				"${PODS_ROOT}/Manifest.lock",
			);
			name = "[CP] Check Pods Manifest.lock";
			outputFileListPaths = (
			);
			outputPaths = (
				"$(DERIVED_FILE_DIR)/Pods-geosparkexample-checkManifestLockResult.txt",
			);
			runOnlyForDeploymentPostprocessing = 0;
			shellPath = /bin/sh;
			shellScript = "diff \"${PODS_PODFILE_DIR_PATH}/Podfile.lock\" \"${PODS_ROOT}/Manifest.lock\" > /dev/null\nif [ $? != 0 ] ; then\n    # print error to STDERR\n    echo \"error: The sandbox is not in sync with the Podfile.lock. Run 'pod install' or update your CocoaPods installation.\" >&2\n    exit 1\nfi\n# This output is used by Xcode 'outputs' to avoid re-running this script phase.\necho \"SUCCESS\" > \"${SCRIPT_OUTPUT_FILE_0}\"\n";
			showEnvVarsInLog = 0;
		};
		53EE8A2DBE171015E6CDD3BE /* [CP] Embed Pods Frameworks */ = {
			isa = PBXShellScriptBuildPhase;
			buildActionMask = 2147483647;
			files = (
			);
			inputFileListPaths = (
				"${PODS_ROOT}/Target Support Files/Pods-geosparkexample/Pods-geosparkexample-frameworks-${CONFIGURATION}-input-files.xcfilelist",
			);
			name = "[CP] Embed Pods Frameworks";
			outputFileListPaths = (
				"${PODS_ROOT}/Target Support Files/Pods-geosparkexample/Pods-geosparkexample-frameworks-${CONFIGURATION}-output-files.xcfilelist",
			);
			runOnlyForDeploymentPostprocessing = 0;
			shellPath = /bin/sh;
			shellScript = "\"${PODS_ROOT}/Target Support Files/Pods-geosparkexample/Pods-geosparkexample-frameworks.sh\"\n";
			showEnvVarsInLog = 0;
		};
/* End PBXShellScriptBuildPhase section */

/* Begin PBXSourcesBuildPhase section */
		D9AE7EA926312A6B00F46103 /* Sources */ = {
			isa = PBXSourcesBuildPhase;
			buildActionMask = 2147483647;
			files = (
				D9AE7EB326312A6B00F46103 /* ContentView.swift in Sources */,
				D9AE7EB126312A6B00F46103 /* geosparkexampleApp.swift in Sources */,
			);
			runOnlyForDeploymentPostprocessing = 0;
		};
/* End PBXSourcesBuildPhase section */

/* Begin XCBuildConfiguration section */
		D9AE7EBA26312A7100F46103 /* Debug */ = {
			isa = XCBuildConfiguration;
			buildSettings = {
				ALWAYS_SEARCH_USER_PATHS = NO;
				CLANG_ANALYZER_NONNULL = YES;
				CLANG_ANALYZER_NUMBER_OBJECT_CONVERSION = YES_AGGRESSIVE;
				CLANG_CXX_LANGUAGE_STANDARD = "gnu++14";
				CLANG_CXX_LIBRARY = "libc++";
				CLANG_ENABLE_MODULES = YES;
				CLANG_ENABLE_OBJC_ARC = YES;
				CLANG_ENABLE_OBJC_WEAK = YES;
				CLANG_WARN_BLOCK_CAPTURE_AUTORELEASING = YES;
				CLANG_WARN_BOOL_CONVERSION = YES;
				CLANG_WARN_COMMA = YES;
				CLANG_WARN_CONSTANT_CONVERSION = YES;
				CLANG_WARN_DEPRECATED_OBJC_IMPLEMENTATIONS = YES;
				CLANG_WARN_DIRECT_OBJC_ISA_USAGE = YES_ERROR;
				CLANG_WARN_DOCUMENTATION_COMMENTS = YES;
				CLANG_WARN_EMPTY_BODY = YES;
				CLANG_WARN_ENUM_CONVERSION = YES;
				CLANG_WARN_INFINITE_RECURSION = YES;
				CLANG_WARN_INT_CONVERSION = YES;
				CLANG_WARN_NON_LITERAL_NULL_CONVERSION = YES;
				CLANG_WARN_OBJC_IMPLICIT_RETAIN_SELF = YES;
				CLANG_WARN_OBJC_LITERAL_CONVERSION = YES;
				CLANG_WARN_OBJC_ROOT_CLASS = YES_ERROR;
				CLANG_WARN_QUOTED_INCLUDE_IN_FRAMEWORK_HEADER = YES;
				CLANG_WARN_RANGE_LOOP_ANALYSIS = YES;
				CLANG_WARN_STRICT_PROTOTYPES = YES;
				CLANG_WARN_SUSPICIOUS_MOVE = YES;
				CLANG_WARN_UNGUARDED_AVAILABILITY = YES_AGGRESSIVE;
				CLANG_WARN_UNREACHABLE_CODE = YES;
				CLANG_WARN__DUPLICATE_METHOD_MATCH = YES;
				COPY_PHASE_STRIP = NO;
				DEBUG_INFORMATION_FORMAT = dwarf;
				ENABLE_STRICT_OBJC_MSGSEND = YES;
				ENABLE_TESTABILITY = YES;
				GCC_C_LANGUAGE_STANDARD = gnu11;
				GCC_DYNAMIC_NO_PIC = NO;
				GCC_NO_COMMON_BLOCKS = YES;
				GCC_OPTIMIZATION_LEVEL = 0;
				GCC_PREPROCESSOR_DEFINITIONS = (
					"DEBUG=1",
					"$(inherited)",
				);
				GCC_WARN_64_TO_32_BIT_CONVERSION = YES;
				GCC_WARN_ABOUT_RETURN_TYPE = YES_ERROR;
				GCC_WARN_UNDECLARED_SELECTOR = YES;
				GCC_WARN_UNINITIALIZED_AUTOS = YES_AGGRESSIVE;
				GCC_WARN_UNUSED_FUNCTION = YES;
				GCC_WARN_UNUSED_VARIABLE = YES;
				IPHONEOS_DEPLOYMENT_TARGET = 13.0;
				MTL_ENABLE_DEBUG_INFO = INCLUDE_SOURCE;
				MTL_FAST_MATH = YES;
				ONLY_ACTIVE_ARCH = YES;
				SDKROOT = iphoneos;
				SWIFT_ACTIVE_COMPILATION_CONDITIONS = DEBUG;
				SWIFT_OPTIMIZATION_LEVEL = "-Onone";
			};
			name = Debug;
		};
		D9AE7EBB26312A7100F46103 /* Release */ = {
			isa = XCBuildConfiguration;
			buildSettings = {
				ALWAYS_SEARCH_USER_PATHS = NO;
				CLANG_ANALYZER_NONNULL = YES;
				CLANG_ANALYZER_NUMBER_OBJECT_CONVERSION = YES_AGGRESSIVE;
				CLANG_CXX_LANGUAGE_STANDARD = "gnu++14";
				CLANG_CXX_LIBRARY = "libc++";
				CLANG_ENABLE_MODULES = YES;
				CLANG_ENABLE_OBJC_ARC = YES;
				CLANG_ENABLE_OBJC_WEAK = YES;
				CLANG_WARN_BLOCK_CAPTURE_AUTORELEASING = YES;
				CLANG_WARN_BOOL_CONVERSION = YES;
				CLANG_WARN_COMMA = YES;
				CLANG_WARN_CONSTANT_CONVERSION = YES;
				CLANG_WARN_DEPRECATED_OBJC_IMPLEMENTATIONS = YES;
				CLANG_WARN_DIRECT_OBJC_ISA_USAGE = YES_ERROR;
				CLANG_WARN_DOCUMENTATION_COMMENTS = YES;
				CLANG_WARN_EMPTY_BODY = YES;
				CLANG_WARN_ENUM_CONVERSION = YES;
				CLANG_WARN_INFINITE_RECURSION = YES;
				CLANG_WARN_INT_CONVERSION = YES;
				CLANG_WARN_NON_LITERAL_NULL_CONVERSION = YES;
				CLANG_WARN_OBJC_IMPLICIT_RETAIN_SELF = YES;
				CLANG_WARN_OBJC_LITERAL_CONVERSION = YES;
				CLANG_WARN_OBJC_ROOT_CLASS = YES_ERROR;
				CLANG_WARN_QUOTED_INCLUDE_IN_FRAMEWORK_HEADER = YES;
				CLANG_WARN_RANGE_LOOP_ANALYSIS = YES;
				CLANG_WARN_STRICT_PROTOTYPES = YES;
				CLANG_WARN_SUSPICIOUS_MOVE = YES;
				CLANG_WARN_UNGUARDED_AVAILABILITY = YES_AGGRESSIVE;
				CLANG_WARN_UNREACHABLE_CODE = YES;
				CLANG_WARN__DUPLICATE_METHOD_MATCH = YES;
				COPY_PHASE_STRIP = NO;
				DEBUG_INFORMATION_FORMAT = "dwarf-with-dsym";
				ENABLE_NS_ASSERTIONS = NO;
				ENABLE_STRICT_OBJC_MSGSEND = YES;
				GCC_C_LANGUAGE_STANDARD = gnu11;
				GCC_NO_COMMON_BLOCKS = YES;
				GCC_WARN_64_TO_32_BIT_CONVERSION = YES;
				GCC_WARN_ABOUT_RETURN_TYPE = YES_ERROR;
				GCC_WARN_UNDECLARED_SELECTOR = YES;
				GCC_WARN_UNINITIALIZED_AUTOS = YES_AGGRESSIVE;
				GCC_WARN_UNUSED_FUNCTION = YES;
				GCC_WARN_UNUSED_VARIABLE = YES;
				IPHONEOS_DEPLOYMENT_TARGET = 13.0;
				MTL_ENABLE_DEBUG_INFO = NO;
				MTL_FAST_MATH = YES;
				SDKROOT = iphoneos;
				SWIFT_COMPILATION_MODE = wholemodule;
				SWIFT_OPTIMIZATION_LEVEL = "-O";
				VALIDATE_PRODUCT = YES;
			};
			name = Release;
		};
		D9AE7EBD26312A7100F46103 /* Debug */ = {
			isa = XCBuildConfiguration;
			baseConfigurationReference = 26F65B6912A83401C5BF881E /* Pods-geosparkexample.debug.xcconfig */;
			buildSettings = {
				ASSETCATALOG_COMPILER_APPICON_NAME = AppIcon;
				ASSETCATALOG_COMPILER_GLOBAL_ACCENT_COLOR_NAME = AccentColor;
				CODE_SIGN_STYLE = Automatic;
				DEVELOPMENT_ASSET_PATHS = "\"geosparkexample/Preview Content\"";
				DEVELOPMENT_TEAM = B92BAJFGJP;
				ENABLE_PREVIEWS = YES;
				INFOPLIST_FILE = geosparkexample/Info.plist;
				IPHONEOS_DEPLOYMENT_TARGET = 14.0;
				LD_RUNPATH_SEARCH_PATHS = (
					"$(inherited)",
					"@executable_path/Frameworks",
				);
				PRODUCT_BUNDLE_IDENTIFIER = ai.roam..geosparkexample;
				PRODUCT_NAME = "$(TARGET_NAME)";
				SWIFT_VERSION = 5.0;
				TARGETED_DEVICE_FAMILY = "1,2";
			};
			name = Debug;
		};
		D9AE7EBE26312A7100F46103 /* Release */ = {
			isa = XCBuildConfiguration;
			baseConfigurationReference = A70C5BDA1E2D0905E80B6118 /* Pods-geosparkexample.release.xcconfig */;
			buildSettings = {
				ASSETCATALOG_COMPILER_APPICON_NAME = AppIcon;
				ASSETCATALOG_COMPILER_GLOBAL_ACCENT_COLOR_NAME = AccentColor;
				CODE_SIGN_STYLE = Automatic;
				DEVELOPMENT_ASSET_PATHS = "\"geosparkexample/Preview Content\"";
				DEVELOPMENT_TEAM = B92BAJFGJP;
				ENABLE_PREVIEWS = YES;
				INFOPLIST_FILE = geosparkexample/Info.plist;
				IPHONEOS_DEPLOYMENT_TARGET = 14.0;
				LD_RUNPATH_SEARCH_PATHS = (
					"$(inherited)",
					"@executable_path/Frameworks",
				);
				PRODUCT_BUNDLE_IDENTIFIER = ai.roam..geosparkexample;
				PRODUCT_NAME = "$(TARGET_NAME)";
				SWIFT_VERSION = 5.0;
				TARGETED_DEVICE_FAMILY = "1,2";
			};
			name = Release;
		};
/* End XCBuildConfiguration section */

/* Begin XCConfigurationList section */
		D9AE7EA826312A6B00F46103 /* Build configuration list for PBXProject "geosparkexample" */ = {
			isa = XCConfigurationList;
			buildConfigurations = (
				D9AE7EBA26312A7100F46103 /* Debug */,
				D9AE7EBB26312A7100F46103 /* Release */,
			);
			defaultConfigurationIsVisible = 0;
			defaultConfigurationName = Release;
		};
		D9AE7EBC26312A7100F46103 /* Build configuration list for PBXNativeTarget "geosparkexample" */ = {
			isa = XCConfigurationList;
			buildConfigurations = (
				D9AE7EBD26312A7100F46103 /* Debug */,
				D9AE7EBE26312A7100F46103 /* Release */,
			);
			defaultConfigurationIsVisible = 0;
			defaultConfigurationName = Release;
		};
/* End XCConfigurationList section */
	};
	rootObject = D9AE7EA526312A6B00F46103 /* Project object */;
}
